// !$*UTF8*$!
{
	archiveVersion = 1;
	classes = {
	};
	objectVersion = 77;
	objects = {

/* Begin PBXBuildFile section */
		A2B8861E3068D2E700E23B47 /* KnockOffNotificationContent.appex in Embed Foundation Extensions */ = {isa = PBXBuildFile; fileRef = A2B886113068D2E700E23B47 /* KnockOffNotificationContent.appex */; settings = {ATTRIBUTES = (RemoveHeadersOnCopy, ); }; };
		F1A7750E3068D2E500E23B46 /* SiteDiaryWidget.appex in Embed Foundation Extensions */ = {isa = PBXBuildFile; fileRef = F1A775013068D2E500E23B46 /* SiteDiaryWidget.appex */; settings = {ATTRIBUTES = (RemoveHeadersOnCopy, ); }; };
/* End PBXBuildFile section */

/* Begin PBXContainerItemProxy section */
		E4A774C03068D2E700E23B45 /* PBXContainerItemProxy */ = {
			isa = PBXContainerItemProxy;
			containerPortal = E4A774A53068D2E500E23B45 /* Project object */;
			proxyType = 1;
			remoteGlobalIDString = E4A774AC3068D2E500E23B45;
			remoteInfo = SiteDiary;
		};
		A2B886193068D2E700E23B47 /* PBXContainerItemProxy */ = {
			isa = PBXContainerItemProxy;
			containerPortal = E4A774A53068D2E500E23B45 /* Project object */;
			proxyType = 1;
			remoteGlobalIDString = A2B886183068D2E700E23B47;
			remoteInfo = KnockOffNotificationContent;
		};
		F1A775093068D2E500E23B46 /* PBXContainerItemProxy */ = {
			isa = PBXContainerItemProxy;
			containerPortal = E4A774A53068D2E500E23B45 /* Project object */;
			proxyType = 1;
			remoteGlobalIDString = F1A775083068D2E500E23B46;
			remoteInfo = SiteDiaryWidget;
		};
/* End PBXContainerItemProxy section */

/* Begin PBXCopyFilesBuildPhase section */
		F1A775073068D2E500E23B46 /* Embed Foundation Extensions */ = {
			isa = PBXCopyFilesBuildPhase;
			buildActionMask = 2147483647;
			dstPath = "";
			dstSubfolderSpec = 13;
			files = (
				A2B8861E3068D2E700E23B47 /* KnockOffNotificationContent.appex in Embed Foundation Extensions */,
				F1A7750E3068D2E500E23B46 /* SiteDiaryWidget.appex in Embed Foundation Extensions */,
			);
			name = "Embed Foundation Extensions";
			runOnlyForDeploymentPostprocessing = 0;
		};
/* End PBXCopyFilesBuildPhase section */

/* Begin PBXFileReference section */
		E4A774AD3068D2E500E23B45 /* SiteDiary.app */ = {isa = PBXFileReference; explicitFileType = wrapper.application; includeInIndex = 0; path = SiteDiary.app; sourceTree = BUILT_PRODUCTS_DIR; };
		E4A774BF3068D2E700E23B45 /* SiteDiaryTests.xctest */ = {isa = PBXFileReference; explicitFileType = wrapper.cfbundle; includeInIndex = 0; path = SiteDiaryTests.xctest; sourceTree = BUILT_PRODUCTS_DIR; };
		A2B886113068D2E700E23B47 /* KnockOffNotificationContent.appex */ = {isa = PBXFileReference; explicitFileType = "wrapper.app-extension"; includeInIndex = 0; path = KnockOffNotificationContent.appex; sourceTree = BUILT_PRODUCTS_DIR; };
		F1A775013068D2E500E23B46 /* SiteDiaryWidget.appex */ = {isa = PBXFileReference; explicitFileType = "wrapper.app-extension"; includeInIndex = 0; path = SiteDiaryWidget.appex; sourceTree = BUILT_PRODUCTS_DIR; };
/* End PBXFileReference section */

/* Begin PBXFileSystemSynchronizedRootGroup section */
		E4A774AF3068D2E500E23B45 /* SiteDiary */ = {
			isa = PBXFileSystemSynchronizedRootGroup;
			path = SiteDiary;
			sourceTree = "<group>";
		};
		E4A774C23068D2E700E23B45 /* SiteDiaryTests */ = {
			isa = PBXFileSystemSynchronizedRootGroup;
			path = SiteDiaryTests;
			sourceTree = "<group>";
		};
		F1A775033068D2E500E23B46 /* SiteDiaryShared */ = {
			isa = PBXFileSystemSynchronizedRootGroup;
			path = SiteDiaryShared;
			sourceTree = "<group>";
		};
		A2B886123068D2E700E23B47 /* KnockOffNotificationContent */ = {
			isa = PBXFileSystemSynchronizedRootGroup;
			exceptions = (
				A2B8861F3068D2E700E23B47 /* PBXFileSystemSynchronizedBuildFileExceptionSet */,
			);
			path = KnockOffNotificationContent;
			sourceTree = "<group>";
		};
		F1A775023068D2E500E23B46 /* SiteDiaryWidget */ = {
			isa = PBXFileSystemSynchronizedRootGroup;
			exceptions = (
				F1A7750F3068D2E500E23B46 /* PBXFileSystemSynchronizedBuildFileExceptionSet */,
			);
			path = SiteDiaryWidget;
			sourceTree = "<group>";
		};
/* End PBXFileSystemSynchronizedRootGroup section */

/* Begin PBXFileSystemSynchronizedBuildFileExceptionSet section */
		A2B8861F3068D2E700E23B47 /* PBXFileSystemSynchronizedBuildFileExceptionSet */ = {
			isa = PBXFileSystemSynchronizedBuildFileExceptionSet;
			membershipExceptions = (
				Info.plist,
				KnockOffNotificationContent.entitlements,
			);
			target = A2B886183068D2E700E23B47 /* KnockOffNotificationContent */;
		};
		F1A7750F3068D2E500E23B46 /* PBXFileSystemSynchronizedBuildFileExceptionSet */ = {
			isa = PBXFileSystemSynchronizedBuildFileExceptionSet;
			membershipExceptions = (
				Info.plist,
				SiteDiaryWidget.entitlements,
			);
			target = F1A775083068D2E500E23B46 /* SiteDiaryWidget */;
		};
/* End PBXFileSystemSynchronizedBuildFileExceptionSet section */

/* Begin PBXFrameworksBuildPhase section */
		E4A774AA3068D2E500E23B45 /* Frameworks */ = {
			isa = PBXFrameworksBuildPhase;
			buildActionMask = 2147483647;
			files = (
			);
			runOnlyForDeploymentPostprocessing = 0;
		};
		E4A774BC3068D2E700E23B45 /* Frameworks */ = {
			isa = PBXFrameworksBuildPhase;
			buildActionMask = 2147483647;
			files = (
			);
			runOnlyForDeploymentPostprocessing = 0;
		};
		A2B886143068D2E700E23B47 /* Frameworks */ = {
			isa = PBXFrameworksBuildPhase;
			buildActionMask = 2147483647;
			files = (
			);
			runOnlyForDeploymentPostprocessing = 0;
		};
		F1A775043068D2E500E23B46 /* Frameworks */ = {
			isa = PBXFrameworksBuildPhase;
			buildActionMask = 2147483647;
			files = (
			);
			runOnlyForDeploymentPostprocessing = 0;
		};
/* End PBXFrameworksBuildPhase section */

/* Begin PBXGroup section */
		E4A774A43068D2E500E23B45 = {
			isa = PBXGroup;
			children = (
				E4A774AF3068D2E500E23B45 /* SiteDiary */,
				F1A775033068D2E500E23B46 /* SiteDiaryShared */,
				F1A775023068D2E500E23B46 /* SiteDiaryWidget */,
				A2B886123068D2E700E23B47 /* KnockOffNotificationContent */,
				E4A774C23068D2E700E23B45 /* SiteDiaryTests */,
				E4A774AE3068D2E500E23B45 /* Products */,
			);
			sourceTree = "<group>";
		};
		E4A774AE3068D2E500E23B45 /* Products */ = {
			isa = PBXGroup;
			children = (
				E4A774AD3068D2E500E23B45 /* SiteDiary.app */,
				E4A774BF3068D2E700E23B45 /* SiteDiaryTests.xctest */,
				F1A775013068D2E500E23B46 /* SiteDiaryWidget.appex */,
				A2B886113068D2E700E23B47 /* KnockOffNotificationContent.appex */,
			);
			name = Products;
			sourceTree = "<group>";
		};
/* End PBXGroup section */

/* Begin PBXNativeTarget section */
		E4A774AC3068D2E500E23B45 /* SiteDiary */ = {
			isa = PBXNativeTarget;
			buildConfigurationList = E4A774D33068D2E700E23B45 /* Build configuration list for PBXNativeTarget "SiteDiary" */;
			buildPhases = (
				E4A774A93068D2E500E23B45 /* Sources */,
				E4A774AA3068D2E500E23B45 /* Frameworks */,
				E4A774AB3068D2E500E23B45 /* Resources */,
				F1A775073068D2E500E23B46 /* Embed Foundation Extensions */,
			);
			buildRules = (
			);
			dependencies = (
				F1A7750A3068D2E500E23B46 /* PBXTargetDependency */,
				A2B8861A3068D2E700E23B47 /* PBXTargetDependency */,
			);
			fileSystemSynchronizedGroups = (
				E4A774AF3068D2E500E23B45 /* SiteDiary */,
				F1A775033068D2E500E23B46 /* SiteDiaryShared */,
			);
			name = SiteDiary;
			packageProductDependencies = (
			);
			productName = SiteDiary;
			productReference = E4A774AD3068D2E500E23B45 /* SiteDiary.app */;
			productType = "com.apple.product-type.application";
		};
		E4A774BE3068D2E700E23B45 /* SiteDiaryTests */ = {
			isa = PBXNativeTarget;
			buildConfigurationList = E4A774D63068D2E700E23B45 /* Build configuration list for PBXNativeTarget "SiteDiaryTests" */;
			buildPhases = (
				E4A774BB3068D2E700E23B45 /* Sources */,
				E4A774BC3068D2E700E23B45 /* Frameworks */,
				E4A774BD3068D2E700E23B45 /* Resources */,
			);
			buildRules = (
			);
			dependencies = (
				E4A774C13068D2E700E23B45 /* PBXTargetDependency */,
			);
			fileSystemSynchronizedGroups = (
				E4A774C23068D2E700E23B45 /* SiteDiaryTests */,
			);
			name = SiteDiaryTests;
			packageProductDependencies = (
			);
			productName = SiteDiaryTests;
			productReference = E4A774BF3068D2E700E23B45 /* SiteDiaryTests.xctest */;
			productType = "com.apple.product-type.bundle.unit-test";
		};
		F1A775083068D2E500E23B46 /* SiteDiaryWidget */ = {
			isa = PBXNativeTarget;
			buildConfigurationList = F1A7750D3068D2E500E23B46 /* Build configuration list for PBXNativeTarget "SiteDiaryWidget" */;
			buildPhases = (
				F1A775053068D2E500E23B46 /* Sources */,
				F1A775043068D2E500E23B46 /* Frameworks */,
				F1A775063068D2E500E23B46 /* Resources */,
			);
			buildRules = (
			);
			dependencies = (
			);
			fileSystemSynchronizedGroups = (
				F1A775023068D2E500E23B46 /* SiteDiaryWidget */,
				F1A775033068D2E500E23B46 /* SiteDiaryShared */,
			);
			name = SiteDiaryWidget;
			packageProductDependencies = (
			);
			productName = SiteDiaryWidget;
			productReference = F1A775013068D2E500E23B46 /* SiteDiaryWidget.appex */;
			productType = "com.apple.product-type.app-extension";
		};
		A2B886183068D2E700E23B47 /* KnockOffNotificationContent */ = {
			isa = PBXNativeTarget;
			buildConfigurationList = A2B8861D3068D2E700E23B47 /* Build configuration list for PBXNativeTarget "KnockOffNotificationContent" */;
			buildPhases = (
				A2B886153068D2E700E23B47 /* Sources */,
				A2B886143068D2E700E23B47 /* Frameworks */,
				A2B886163068D2E700E23B47 /* Resources */,
			);
			buildRules = (
			);
			dependencies = (
			);
			fileSystemSynchronizedGroups = (
				A2B886123068D2E700E23B47 /* KnockOffNotificationContent */,
				F1A775033068D2E500E23B46 /* SiteDiaryShared */,
			);
			name = KnockOffNotificationContent;
			packageProductDependencies = (
			);
			productName = KnockOffNotificationContent;
			productReference = A2B886113068D2E700E23B47 /* KnockOffNotificationContent.appex */;
			productType = "com.apple.product-type.app-extension";
		};
/* End PBXNativeTarget section */

/* Begin PBXProject section */
		E4A774A53068D2E500E23B45 /* Project object */ = {
			isa = PBXProject;
			attributes = {
				BuildIndependentTargetsInParallel = 1;
				LastSwiftUpdateCheck = 2630;
				LastUpgradeCheck = 2630;
				TargetAttributes = {
					E4A774AC3068D2E500E23B45 = {
						CreatedOnToolsVersion = 26.3;
					};
					E4A774BE3068D2E700E23B45 = {
						CreatedOnToolsVersion = 26.3;
						TestTargetID = E4A774AC3068D2E500E23B45;
					};
					A2B886183068D2E700E23B47 = {
						CreatedOnToolsVersion = 26.3;
					};
					F1A775083068D2E500E23B46 = {
						CreatedOnToolsVersion = 26.3;
					};
				};
			};
			buildConfigurationList = E4A774A83068D2E500E23B45 /* Build configuration list for PBXProject "SiteDiary" */;
			developmentRegion = en;
			hasScannedForEncodings = 0;
			knownRegions = (
				en,
				Base,
			);
			mainGroup = E4A774A43068D2E500E23B45;
			minimizedProjectReferenceProxies = 1;
			preferredProjectObjectVersion = 77;
			productRefGroup = E4A774AE3068D2E500E23B45 /* Products */;
			projectDirPath = "";
			projectRoot = "";
			targets = (
				E4A774AC3068D2E500E23B45 /* SiteDiary */,
				E4A774BE3068D2E700E23B45 /* SiteDiaryTests */,
				F1A775083068D2E500E23B46 /* SiteDiaryWidget */,
				A2B886183068D2E700E23B47 /* KnockOffNotificationContent */,
			);
		};
/* End PBXProject section */

/* Begin PBXResourcesBuildPhase section */
		E4A774AB3068D2E500E23B45 /* Resources */ = {
			isa = PBXResourcesBuildPhase;
			buildActionMask = 2147483647;
			files = (
			);
			runOnlyForDeploymentPostprocessing = 0;
		};
		E4A774BD3068D2E700E23B45 /* Resources */ = {
			isa = PBXResourcesBuildPhase;
			buildActionMask = 2147483647;
			files = (
			);
			runOnlyForDeploymentPostprocessing = 0;
		};
		A2B886163068D2E700E23B47 /* Resources */ = {
			isa = PBXResourcesBuildPhase;
			buildActionMask = 2147483647;
			files = (
			);
			runOnlyForDeploymentPostprocessing = 0;
		};
		F1A775063068D2E500E23B46 /* Resources */ = {
			isa = PBXResourcesBuildPhase;
			buildActionMask = 2147483647;
			files = (
			);
			runOnlyForDeploymentPostprocessing = 0;
		};
/* End PBXResourcesBuildPhase section */

/* Begin PBXSourcesBuildPhase section */
		E4A774A93068D2E500E23B45 /* Sources */ = {
			isa = PBXSourcesBuildPhase;
			buildActionMask = 2147483647;
			files = (
			);
			runOnlyForDeploymentPostprocessing = 0;
		};
		E4A774BB3068D2E700E23B45 /* Sources */ = {
			isa = PBXSourcesBuildPhase;
			buildActionMask = 2147483647;
			files = (
			);
			runOnlyForDeploymentPostprocessing = 0;
		};
		A2B886153068D2E700E23B47 /* Sources */ = {
			isa = PBXSourcesBuildPhase;
			buildActionMask = 2147483647;
			files = (
			);
			runOnlyForDeploymentPostprocessing = 0;
		};
		F1A775053068D2E500E23B46 /* Sources */ = {
			isa = PBXSourcesBuildPhase;
			buildActionMask = 2147483647;
			files = (
			);
			runOnlyForDeploymentPostprocessing = 0;
		};
/* End PBXSourcesBuildPhase section */

/* Begin PBXTargetDependency section */
		E4A774C13068D2E700E23B45 /* PBXTargetDependency */ = {
			isa = PBXTargetDependency;
			target = E4A774AC3068D2E500E23B45 /* SiteDiary */;
			targetProxy = E4A774C03068D2E700E23B45 /* PBXContainerItemProxy */;
		};
		A2B8861A3068D2E700E23B47 /* PBXTargetDependency */ = {
			isa = PBXTargetDependency;
			target = A2B886183068D2E700E23B47 /* KnockOffNotificationContent */;
			targetProxy = A2B886193068D2E700E23B47 /* PBXContainerItemProxy */;
		};
		F1A7750A3068D2E500E23B46 /* PBXTargetDependency */ = {
			isa = PBXTargetDependency;
			target = F1A775083068D2E500E23B46 /* SiteDiaryWidget */;
			targetProxy = F1A775093068D2E500E23B46 /* PBXContainerItemProxy */;
		};
/* End PBXTargetDependency section */

/* Begin XCBuildConfiguration section */
		E4A774D13068D2E700E23B45 /* Debug */ = {
			isa = XCBuildConfiguration;
			buildSettings = {
				ALWAYS_SEARCH_USER_PATHS = NO;
				ASSETCATALOG_COMPILER_GENERATE_SWIFT_ASSET_SYMBOL_EXTENSIONS = YES;
				CLANG_ANALYZER_NONNULL = YES;
				CLANG_ANALYZER_NUMBER_OBJECT_CONVERSION = YES_AGGRESSIVE;
				CLANG_CXX_LANGUAGE_STANDARD = "gnu++20";
				CLANG_ENABLE_MODULES = YES;
				CLANG_ENABLE_OBJC_ARC = YES;
				CLANG_ENABLE_OBJC_WEAK = YES;
				CLANG_WARN_BLOCK_CAPTURE_AUTORELEASING = YES;
				CLANG_WARN_BOOL_CONVERSION = YES;
				CLANG_WARN_COMMA = YES;
				CLANG_WARN_CONSTANT_CONVERSION = YES;
				CLANG_WARN_DEPRECATED_OBJC_IMPLEMENTATIONS = YES;
				CLANG_WARN_DIRECT_OBJC_ISA_USAGE = YES_ERROR;
				CLANG_WARN_DOCUMENTATION_COMMENTS = YES;
				CLANG_WARN_EMPTY_BODY = YES;
				CLANG_WARN_ENUM_CONVERSION = YES;
				CLANG_WARN_INFINITE_RECURSION = YES;
				CLANG_WARN_INT_CONVERSION = YES;
				CLANG_WARN_NON_LITERAL_NULL_CONVERSION = YES;
				CLANG_WARN_OBJC_IMPLICIT_RETAIN_SELF = YES;
				CLANG_WARN_OBJC_LITERAL_CONVERSION = YES;
				CLANG_WARN_OBJC_ROOT_CLASS = YES_ERROR;
				CLANG_WARN_QUOTED_INCLUDE_IN_FRAMEWORK_HEADER = YES;
				CLANG_WARN_RANGE_LOOP_ANALYSIS = YES;
				CLANG_WARN_STRICT_PROTOTYPES = YES;
				CLANG_WARN_SUSPICIOUS_MOVE = YES;
				CLANG_WARN_UNGUARDED_AVAILABILITY = YES_AGGRESSIVE;
				CLANG_WARN_UNREACHABLE_CODE = YES;
				CLANG_WARN__DUPLICATE_METHOD_MATCH = YES;
				COPY_PHASE_STRIP = NO;
				DEBUG_INFORMATION_FORMAT = dwarf;
				DEVELOPMENT_TEAM = 4V28M9347U;
				ENABLE_STRICT_OBJC_MSGSEND = YES;
				ENABLE_TESTABILITY = YES;
				ENABLE_USER_SCRIPT_SANDBOXING = YES;
				GCC_C_LANGUAGE_STANDARD = gnu17;
				GCC_DYNAMIC_NO_PIC = NO;
				GCC_NO_COMMON_BLOCKS = YES;
				GCC_OPTIMIZATION_LEVEL = 0;
				GCC_PREPROCESSOR_DEFINITIONS = (
					"DEBUG=1",
					"$(inherited)",
				);
				GCC_WARN_64_TO_32_BIT_CONVERSION = YES;
				GCC_WARN_ABOUT_RETURN_TYPE = YES_ERROR;
				GCC_WARN_UNDECLARED_SELECTOR = YES;
				GCC_WARN_UNINITIALIZED_AUTOS = YES_AGGRESSIVE;
				GCC_WARN_UNUSED_FUNCTION = YES;
				GCC_WARN_UNUSED_VARIABLE = YES;
				IPHONEOS_DEPLOYMENT_TARGET = 26.2;
				LOCALIZATION_PREFERS_STRING_CATALOGS = YES;
				MTL_ENABLE_DEBUG_INFO = INCLUDE_SOURCE;
				MTL_FAST_MATH = YES;
				ONLY_ACTIVE_ARCH = YES;
				SDKROOT = iphoneos;
				SWIFT_ACTIVE_COMPILATION_CONDITIONS = "DEBUG $(inherited)";
				SWIFT_OPTIMIZATION_LEVEL = "-Onone";
			};
			name = Debug;
		};
		E4A774D23068D2E700E23B45 /* Release */ = {
			isa = XCBuildConfiguration;
			buildSettings = {
				ALWAYS_SEARCH_USER_PATHS = NO;
				ASSETCATALOG_COMPILER_GENERATE_SWIFT_ASSET_SYMBOL_EXTENSIONS = YES;
				CLANG_ANALYZER_NONNULL = YES;
				CLANG_ANALYZER_NUMBER_OBJECT_CONVERSION = YES_AGGRESSIVE;
				CLANG_CXX_LANGUAGE_STANDARD = "gnu++20";
				CLANG_ENABLE_MODULES = YES;
				CLANG_ENABLE_OBJC_ARC = YES;
				CLANG_ENABLE_OBJC_WEAK = YES;
				CLANG_WARN_BLOCK_CAPTURE_AUTORELEASING = YES;
				CLANG_WARN_BOOL_CONVERSION = YES;
				CLANG_WARN_COMMA = YES;
				CLANG_WARN_CONSTANT_CONVERSION = YES;
				CLANG_WARN_DEPRECATED_OBJC_IMPLEMENTATIONS = YES;
				CLANG_WARN_DIRECT_OBJC_ISA_USAGE = YES_ERROR;
				CLANG_WARN_DOCUMENTATION_COMMENTS = YES;
				CLANG_WARN_EMPTY_BODY = YES;
				CLANG_WARN_ENUM_CONVERSION = YES;
				CLANG_WARN_INFINITE_RECURSION = YES;
				CLANG_WARN_INT_CONVERSION = YES;
				CLANG_WARN_NON_LITERAL_NULL_CONVERSION = YES;
				CLANG_WARN_OBJC_IMPLICIT_RETAIN_SELF = YES;
				CLANG_WARN_OBJC_LITERAL_CONVERSION = YES;
				CLANG_WARN_OBJC_ROOT_CLASS = YES_ERROR;
				CLANG_WARN_QUOTED_INCLUDE_IN_FRAMEWORK_HEADER = YES;
				CLANG_WARN_RANGE_LOOP_ANALYSIS = YES;
				CLANG_WARN_STRICT_PROTOTYPES = YES;
				CLANG_WARN_SUSPICIOUS_MOVE = YES;
				CLANG_WARN_UNGUARDED_AVAILABILITY = YES_AGGRESSIVE;
				CLANG_WARN_UNREACHABLE_CODE = YES;
				CLANG_WARN__DUPLICATE_METHOD_MATCH = YES;
				COPY_PHASE_STRIP = NO;
				DEBUG_INFORMATION_FORMAT = "dwarf-with-dsym";
				DEVELOPMENT_TEAM = 4V28M9347U;
				ENABLE_NS_ASSERTIONS = NO;
				ENABLE_STRICT_OBJC_MSGSEND = YES;
				ENABLE_USER_SCRIPT_SANDBOXING = YES;
				GCC_C_LANGUAGE_STANDARD = gnu17;
				GCC_NO_COMMON_BLOCKS = YES;
				GCC_WARN_64_TO_32_BIT_CONVERSION = YES;
				GCC_WARN_ABOUT_RETURN_TYPE = YES_ERROR;
				GCC_WARN_UNDECLARED_SELECTOR = YES;
				GCC_WARN_UNINITIALIZED_AUTOS = YES_AGGRESSIVE;
				GCC_WARN_UNUSED_FUNCTION = YES;
				GCC_WARN_UNUSED_VARIABLE = YES;
				IPHONEOS_DEPLOYMENT_TARGET = 26.2;
				LOCALIZATION_PREFERS_STRING_CATALOGS = YES;
				MTL_ENABLE_DEBUG_INFO = NO;
				MTL_FAST_MATH = YES;
				SDKROOT = iphoneos;
				SWIFT_COMPILATION_MODE = wholemodule;
				VALIDATE_PRODUCT = YES;
			};
			name = Release;
		};
		E4A774D43068D2E700E23B45 /* Debug */ = {
			isa = XCBuildConfiguration;
			buildSettings = {
				ASSETCATALOG_COMPILER_APPICON_NAME = AppIcon;
				ASSETCATALOG_COMPILER_GLOBAL_ACCENT_COLOR_NAME = AccentColor;
				CODE_SIGN_ENTITLEMENTS = SiteDiary.entitlements;
				CODE_SIGN_STYLE = Automatic;
				CURRENT_PROJECT_VERSION = 1;
				DEVELOPMENT_TEAM = 4V28M9347U;
				ENABLE_PREVIEWS = YES;
				GENERATE_INFOPLIST_FILE = YES;
				INFOPLIST_KEY_UIApplicationSceneManifest_Generation = YES;
				INFOPLIST_KEY_UIApplicationSupportsIndirectInputEvents = YES;
				INFOPLIST_KEY_UILaunchScreen_Generation = YES;
				INFOPLIST_KEY_UISupportedInterfaceOrientations_iPad = "UIInterfaceOrientationPortrait UIInterfaceOrientationPortraitUpsideDown UIInterfaceOrientationLandscapeLeft UIInterfaceOrientationLandscapeRight";
				INFOPLIST_KEY_UISupportedInterfaceOrientations_iPhone = "UIInterfaceOrientationPortrait UIInterfaceOrientationLandscapeLeft UIInterfaceOrientationLandscapeRight";
				LD_RUNPATH_SEARCH_PATHS = (
					"$(inherited)",
					"@executable_path/Frameworks",
				);
				MARKETING_VERSION = 1.0;
				PRODUCT_BUNDLE_IDENTIFIER = com.iosdev.SiteDiary;
				PRODUCT_NAME = "$(TARGET_NAME)";
				STRING_CATALOG_GENERATE_SYMBOLS = YES;
				SWIFT_APPROACHABLE_CONCURRENCY = YES;
				SWIFT_DEFAULT_ACTOR_ISOLATION = MainActor;
				SWIFT_EMIT_LOC_STRINGS = YES;
				SWIFT_UPCOMING_FEATURE_MEMBER_IMPORT_VISIBILITY = YES;
				SWIFT_VERSION = 5.0;
				TARGETED_DEVICE_FAMILY = "1,2";
			};
			name = Debug;
		};
		E4A774D53068D2E700E23B45 /* Release */ = {
			isa = XCBuildConfiguration;
			buildSettings = {
				ASSETCATALOG_COMPILER_APPICON_NAME = AppIcon;
				ASSETCATALOG_COMPILER_GLOBAL_ACCENT_COLOR_NAME = AccentColor;
				CODE_SIGN_ENTITLEMENTS = SiteDiary.entitlements;
				CODE_SIGN_STYLE = Automatic;
				CURRENT_PROJECT_VERSION = 1;
				DEVELOPMENT_TEAM = 4V28M9347U;
				ENABLE_PREVIEWS = YES;
				GENERATE_INFOPLIST_FILE = YES;
				INFOPLIST_KEY_UIApplicationSceneManifest_Generation = YES;
				INFOPLIST_KEY_UIApplicationSupportsIndirectInputEvents = YES;
				INFOPLIST_KEY_UILaunchScreen_Generation = YES;
				INFOPLIST_KEY_UISupportedInterfaceOrientations_iPad = "UIInterfaceOrientationPortrait UIInterfaceOrientationPortraitUpsideDown UIInterfaceOrientationLandscapeLeft UIInterfaceOrientationLandscapeRight";
				INFOPLIST_KEY_UISupportedInterfaceOrientations_iPhone = "UIInterfaceOrientationPortrait UIInterfaceOrientationLandscapeLeft UIInterfaceOrientationLandscapeRight";
				LD_RUNPATH_SEARCH_PATHS = (
					"$(inherited)",
					"@executable_path/Frameworks",
				);
				MARKETING_VERSION = 1.0;
				PRODUCT_BUNDLE_IDENTIFIER = com.iosdev.SiteDiary;
				PRODUCT_NAME = "$(TARGET_NAME)";
				STRING_CATALOG_GENERATE_SYMBOLS = YES;
				SWIFT_APPROACHABLE_CONCURRENCY = YES;
				SWIFT_DEFAULT_ACTOR_ISOLATION = MainActor;
				SWIFT_EMIT_LOC_STRINGS = YES;
				SWIFT_UPCOMING_FEATURE_MEMBER_IMPORT_VISIBILITY = YES;
				SWIFT_VERSION = 5.0;
				TARGETED_DEVICE_FAMILY = "1,2";
			};
			name = Release;
		};
		E4A774D73068D2E700E23B45 /* Debug */ = {
			isa = XCBuildConfiguration;
			buildSettings = {
				BUNDLE_LOADER = "$(TEST_HOST)";
				CODE_SIGN_STYLE = Automatic;
				CURRENT_PROJECT_VERSION = 1;
				DEVELOPMENT_TEAM = 4V28M9347U;
				GENERATE_INFOPLIST_FILE = YES;
				IPHONEOS_DEPLOYMENT_TARGET = 26.2;
				MARKETING_VERSION = 1.0;
				PRODUCT_BUNDLE_IDENTIFIER = com.iosdev.SiteDiaryTests;
				PRODUCT_NAME = "$(TARGET_NAME)";
				STRING_CATALOG_GENERATE_SYMBOLS = NO;
				SWIFT_APPROACHABLE_CONCURRENCY = YES;
				SWIFT_EMIT_LOC_STRINGS = NO;
				SWIFT_UPCOMING_FEATURE_MEMBER_IMPORT_VISIBILITY = YES;
				SWIFT_VERSION = 5.0;
				TARGETED_DEVICE_FAMILY = "1,2";
				TEST_HOST = "$(BUILT_PRODUCTS_DIR)/SiteDiary.app/$(BUNDLE_EXECUTABLE_FOLDER_PATH)/SiteDiary";
			};
			name = Debug;
		};
		E4A774D83068D2E700E23B45 /* Release */ = {
			isa = XCBuildConfiguration;
			buildSettings = {
				BUNDLE_LOADER = "$(TEST_HOST)";
				CODE_SIGN_STYLE = Automatic;
				CURRENT_PROJECT_VERSION = 1;
				DEVELOPMENT_TEAM = 4V28M9347U;
				GENERATE_INFOPLIST_FILE = YES;
				IPHONEOS_DEPLOYMENT_TARGET = 26.2;
				MARKETING_VERSION = 1.0;
				PRODUCT_BUNDLE_IDENTIFIER = com.iosdev.SiteDiaryTests;
				PRODUCT_NAME = "$(TARGET_NAME)";
				STRING_CATALOG_GENERATE_SYMBOLS = NO;
				SWIFT_APPROACHABLE_CONCURRENCY = YES;
				SWIFT_EMIT_LOC_STRINGS = NO;
				SWIFT_UPCOMING_FEATURE_MEMBER_IMPORT_VISIBILITY = YES;
				SWIFT_VERSION = 5.0;
				TARGETED_DEVICE_FAMILY = "1,2";
				TEST_HOST = "$(BUILT_PRODUCTS_DIR)/SiteDiary.app/$(BUNDLE_EXECUTABLE_FOLDER_PATH)/SiteDiary";
			};
			name = Release;
		};
		A2B8861B3068D2E700E23B47 /* Debug */ = {
			isa = XCBuildConfiguration;
			buildSettings = {
				CODE_SIGN_ENTITLEMENTS = KnockOffNotificationContent/KnockOffNotificationContent.entitlements;
				CODE_SIGN_STYLE = Automatic;
				CURRENT_PROJECT_VERSION = 1;
				DEVELOPMENT_TEAM = 4V28M9347U;
				GENERATE_INFOPLIST_FILE = YES;
				INFOPLIST_FILE = KnockOffNotificationContent/Info.plist;
				INFOPLIST_KEY_CFBundleDisplayName = "Site Diary";
				IPHONEOS_DEPLOYMENT_TARGET = 26.2;
				LD_RUNPATH_SEARCH_PATHS = (
					"$(inherited)",
					"@executable_path/Frameworks",
					"@executable_path/../../Frameworks",
				);
				MARKETING_VERSION = 1.0;
				PRODUCT_BUNDLE_IDENTIFIER = com.iosdev.SiteDiary.KnockOffNotificationContent;
				PRODUCT_NAME = "$(TARGET_NAME)";
				SKIP_INSTALL = YES;
				SWIFT_APPROACHABLE_CONCURRENCY = YES;
				SWIFT_EMIT_LOC_STRINGS = YES;
				SWIFT_UPCOMING_FEATURE_MEMBER_IMPORT_VISIBILITY = YES;
				SWIFT_VERSION = 5.0;
				TARGETED_DEVICE_FAMILY = "1,2";
			};
			name = Debug;
		};
		A2B8861C3068D2E700E23B47 /* Release */ = {
			isa = XCBuildConfiguration;
			buildSettings = {
				CODE_SIGN_ENTITLEMENTS = KnockOffNotificationContent/KnockOffNotificationContent.entitlements;
				CODE_SIGN_STYLE = Automatic;
				CURRENT_PROJECT_VERSION = 1;
				DEVELOPMENT_TEAM = 4V28M9347U;
				GENERATE_INFOPLIST_FILE = YES;
				INFOPLIST_FILE = KnockOffNotificationContent/Info.plist;
				INFOPLIST_KEY_CFBundleDisplayName = "Site Diary";
				IPHONEOS_DEPLOYMENT_TARGET = 26.2;
				LD_RUNPATH_SEARCH_PATHS = (
					"$(inherited)",
					"@executable_path/Frameworks",
					"@executable_path/../../Frameworks",
				);
				MARKETING_VERSION = 1.0;
				PRODUCT_BUNDLE_IDENTIFIER = com.iosdev.SiteDiary.KnockOffNotificationContent;
				PRODUCT_NAME = "$(TARGET_NAME)";
				SKIP_INSTALL = YES;
				SWIFT_APPROACHABLE_CONCURRENCY = YES;
				SWIFT_EMIT_LOC_STRINGS = YES;
				SWIFT_UPCOMING_FEATURE_MEMBER_IMPORT_VISIBILITY = YES;
				SWIFT_VERSION = 5.0;
				TARGETED_DEVICE_FAMILY = "1,2";
			};
			name = Release;
		};
		F1A7750B3068D2E500E23B46 /* Debug */ = {
			isa = XCBuildConfiguration;
			buildSettings = {
				CODE_SIGN_ENTITLEMENTS = SiteDiaryWidget/SiteDiaryWidget.entitlements;
				CODE_SIGN_STYLE = Automatic;
				CURRENT_PROJECT_VERSION = 1;
				DEVELOPMENT_TEAM = 4V28M9347U;
				GENERATE_INFOPLIST_FILE = YES;
				INFOPLIST_FILE = SiteDiaryWidget/Info.plist;
				INFOPLIST_KEY_CFBundleDisplayName = "Site Diary";
				IPHONEOS_DEPLOYMENT_TARGET = 26.2;
				LD_RUNPATH_SEARCH_PATHS = (
					"$(inherited)",
					"@executable_path/Frameworks",
					"@executable_path/../../Frameworks",
				);
				MARKETING_VERSION = 1.0;
				PRODUCT_BUNDLE_IDENTIFIER = com.iosdev.SiteDiary.SiteDiaryWidget;
				PRODUCT_NAME = "$(TARGET_NAME)";
				SKIP_INSTALL = YES;
				SWIFT_APPROACHABLE_CONCURRENCY = YES;
				SWIFT_EMIT_LOC_STRINGS = YES;
				SWIFT_UPCOMING_FEATURE_MEMBER_IMPORT_VISIBILITY = YES;
				SWIFT_VERSION = 5.0;
				TARGETED_DEVICE_FAMILY = "1,2";
			};
			name = Debug;
		};
		F1A7750C3068D2E500E23B46 /* Release */ = {
			isa = XCBuildConfiguration;
			buildSettings = {
				CODE_SIGN_ENTITLEMENTS = SiteDiaryWidget/SiteDiaryWidget.entitlements;
				CODE_SIGN_STYLE = Automatic;
				CURRENT_PROJECT_VERSION = 1;
				DEVELOPMENT_TEAM = 4V28M9347U;
				GENERATE_INFOPLIST_FILE = YES;
				INFOPLIST_FILE = SiteDiaryWidget/Info.plist;
				INFOPLIST_KEY_CFBundleDisplayName = "Site Diary";
				IPHONEOS_DEPLOYMENT_TARGET = 26.2;
				LD_RUNPATH_SEARCH_PATHS = (
					"$(inherited)",
					"@executable_path/Frameworks",
					"@executable_path/../../Frameworks",
				);
				MARKETING_VERSION = 1.0;
				PRODUCT_BUNDLE_IDENTIFIER = com.iosdev.SiteDiary.SiteDiaryWidget;
				PRODUCT_NAME = "$(TARGET_NAME)";
				SKIP_INSTALL = YES;
				SWIFT_APPROACHABLE_CONCURRENCY = YES;
				SWIFT_EMIT_LOC_STRINGS = YES;
				SWIFT_UPCOMING_FEATURE_MEMBER_IMPORT_VISIBILITY = YES;
				SWIFT_VERSION = 5.0;
				TARGETED_DEVICE_FAMILY = "1,2";
			};
			name = Release;
		};
/* End XCBuildConfiguration section */

/* Begin XCConfigurationList section */
		E4A774A83068D2E500E23B45 /* Build configuration list for PBXProject "SiteDiary" */ = {
			isa = XCConfigurationList;
			buildConfigurations = (
				E4A774D13068D2E700E23B45 /* Debug */,
				E4A774D23068D2E700E23B45 /* Release */,
			);
			defaultConfigurationIsVisible = 0;
			defaultConfigurationName = Release;
		};
		E4A774D33068D2E700E23B45 /* Build configuration list for PBXNativeTarget "SiteDiary" */ = {
			isa = XCConfigurationList;
			buildConfigurations = (
				E4A774D43068D2E700E23B45 /* Debug */,
				E4A774D53068D2E700E23B45 /* Release */,
			);
			defaultConfigurationIsVisible = 0;
			defaultConfigurationName = Release;
		};
		E4A774D63068D2E700E23B45 /* Build configuration list for PBXNativeTarget "SiteDiaryTests" */ = {
			isa = XCConfigurationList;
			buildConfigurations = (
				E4A774D73068D2E700E23B45 /* Debug */,
				E4A774D83068D2E700E23B45 /* Release */,
			);
			defaultConfigurationIsVisible = 0;
			defaultConfigurationName = Release;
		};
		A2B8861D3068D2E700E23B47 /* Build configuration list for PBXNativeTarget "KnockOffNotificationContent" */ = {
			isa = XCConfigurationList;
			buildConfigurations = (
				A2B8861B3068D2E700E23B47 /* Debug */,
				A2B8861C3068D2E700E23B47 /* Release */,
			);
			defaultConfigurationIsVisible = 0;
			defaultConfigurationName = Release;
		};
		F1A7750D3068D2E500E23B46 /* Build configuration list for PBXNativeTarget "SiteDiaryWidget" */ = {
			isa = XCConfigurationList;
			buildConfigurations = (
				F1A7750B3068D2E500E23B46 /* Debug */,
				F1A7750C3068D2E500E23B46 /* Release */,
			);
			defaultConfigurationIsVisible = 0;
			defaultConfigurationName = Release;
		};
/* End XCConfigurationList section */
	};
	rootObject = E4A774A53068D2E500E23B45 /* Project object */;
}
